{
  "name": "innotype",
  "version": "0.1.0",
  "lockfileVersion": 1,
  "requires": true,
  "dependencies": {
    "@mdi/font": {
      "version": "4.5.95",
      "resolved": "https://registry.npm.taobao.org/@mdi/font/download/@mdi/font-4.5.95.tgz?cache=0&other_urls=https%3A%2F%2Fregistry.npm.taobao.org%2F%40mdi%2Ffont%2Fdownload%2F%40mdi%2Ffont-4.5.95.tgz",
      "integrity": "sha1-Q8DS57CNQiGnePWNiZRV0MRZFu0="
    },
    "mdui": {
      "version": "0.4.3",
      "resolved": "https://registry.npm.taobao.org/mdui/download/mdui-0.4.3.tgz",
      "integrity": "sha1-eGCpeYY6im2LGiLYixqUOlUnrOo="
    }
  }
}
